
Microsoft Visual Studio Solution File, Format Version 12.00
# Visual Studio Version 16
VisualStudioVersion = 16.0.30320.27
MinimumVisualStudioVersion = 10.0.40219.1
Project("{FAE04EC0-301F-11D3-BF4B-00C04F79EFBC}") = "FinalAssignment2", "FinalAssignment2.csproj", "{F0C1818B-0CE8-4523-B9C6-A2FF91290934}"
EndProject
Global
	GlobalSection(SolutionConfigurationPlatforms) = preSolution
		Debug|Any CPU = Debug|Any CPU
		Release|Any CPU = Release|Any CPU
	EndGlobalSection
	GlobalSection(ProjectConfigurationPlatforms) = postSolution
		{F0C1818B-0CE8-4523-B9C6-A2FF91290934}.Debug|Any CPU.ActiveCfg = Debug|Any CPU
		{F0C1818B-0CE8-4523-B9C6-A2FF91290934}.Debug|Any CPU.Build.0 = Debug|Any CPU
		{F0C1818B-0CE8-4523-B9C6-A2FF91290934}.Release|Any CPU.ActiveCfg = Release|Any CPU
		{F0C1818B-0CE8-4523-B9C6-A2FF91290934}.Release|Any CPU.Build.0 = Release|Any CPU
	EndGlobalSection
	GlobalSection(SolutionProperties) = preSolution
		HideSolutionNode = FALSE
	EndGlobalSection
	GlobalSection(ExtensibilityGlobals) = postSolution
		SolutionGuid = {7A58A442-6BEF-4633-A156-F8E6B55532AB}
	EndGlobalSection
EndGlobal
